
Microsoft Visual Studio Solution File, Format Version 12.00
# Visual Studio Version 17
VisualStudioVersion = 17.4.33213.308
MinimumVisualStudioVersion = 10.0.40219.1
Project("{9A19103F-16F7-4668-BE54-9A1E7A4F7556}") = "CourseManagement", "CourseManagement\CourseManagement.csproj", "{EF10E66A-ED1B-41F6-92C2-B8711A072EC0}"
EndProject
Project("{9A19103F-16F7-4668-BE54-9A1E7A4F7556}") = "CrouseManagement.Repository", "Repository\CrouseManagement.Repository.csproj", "{50556357-6A6C-4F05-B9A6-8926D141DB18}"
EndProject
Global
	GlobalSection(SolutionConfigurationPlatforms) = preSolution
		Debug|Any CPU = Debug|Any CPU
		Release|Any CPU = Release|Any CPU
	EndGlobalSection
	GlobalSection(ProjectConfigurationPlatforms) = postSolution
		{EF10E66A-ED1B-41F6-92C2-B8711A072EC0}.Debug|Any CPU.ActiveCfg = Debug|Any CPU
		{EF10E66A-ED1B-41F6-92C2-B8711A072EC0}.Debug|Any CPU.Build.0 = Debug|Any CPU
		{EF10E66A-ED1B-41F6-92C2-B8711A072EC0}.Release|Any CPU.ActiveCfg = Release|Any CPU
		{EF10E66A-ED1B-41F6-92C2-B8711A072EC0}.Release|Any CPU.Build.0 = Release|Any CPU
		{50556357-6A6C-4F05-B9A6-8926D141DB18}.Debug|Any CPU.ActiveCfg = Debug|Any CPU
		{50556357-6A6C-4F05-B9A6-8926D141DB18}.Debug|Any CPU.Build.0 = Debug|Any CPU
		{50556357-6A6C-4F05-B9A6-8926D141DB18}.Release|Any CPU.ActiveCfg = Release|Any CPU
		{50556357-6A6C-4F05-B9A6-8926D141DB18}.Release|Any CPU.Build.0 = Release|Any CPU
	EndGlobalSection
	GlobalSection(SolutionProperties) = preSolution
		HideSolutionNode = FALSE
	EndGlobalSection
	GlobalSection(ExtensibilityGlobals) = postSolution
		SolutionGuid = {C108A3EA-75C3-412C-8AF3-54C1DF7793F2}
	EndGlobalSection
EndGlobal
